
Microsoft Visual Studio Solution File, Format Version 12.00
# Visual Studio Version 17
VisualStudioVersion = 17.4.33403.182
MinimumVisualStudioVersion = 10.0.40219.1
Project("{FAE04EC0-301F-11D3-BF4B-00C04F79EFBC}") = "RabbitSender", "RabbitSender\RabbitSender.csproj", "{13CFAA70-0E09-4F85-A584-070AF7952B8D}"
EndProject
Project("{FAE04EC0-301F-11D3-BF4B-00C04F79EFBC}") = "RabbitReceiver1", "RabbitReceiver1\RabbitReceiver1.csproj", "{9F4C98A2-9171-4896-8FC0-E0881041CA87}"
EndProject
Global
	GlobalSection(SolutionConfigurationPlatforms) = preSolution
		Debug|Any CPU = Debug|Any CPU
		Release|Any CPU = Release|Any CPU
	EndGlobalSection
	GlobalSection(ProjectConfigurationPlatforms) = postSolution
		{13CFAA70-0E09-4F85-A584-070AF7952B8D}.Debug|Any CPU.ActiveCfg = Debug|Any CPU
		{13CFAA70-0E09-4F85-A584-070AF7952B8D}.Debug|Any CPU.Build.0 = Debug|Any CPU
		{13CFAA70-0E09-4F85-A584-070AF7952B8D}.Release|Any CPU.ActiveCfg = Release|Any CPU
		{13CFAA70-0E09-4F85-A584-070AF7952B8D}.Release|Any CPU.Build.0 = Release|Any CPU
		{9F4C98A2-9171-4896-8FC0-E0881041CA87}.Debug|Any CPU.ActiveCfg = Debug|Any CPU
		{9F4C98A2-9171-4896-8FC0-E0881041CA87}.Debug|Any CPU.Build.0 = Debug|Any CPU
		{9F4C98A2-9171-4896-8FC0-E0881041CA87}.Release|Any CPU.ActiveCfg = Release|Any CPU
		{9F4C98A2-9171-4896-8FC0-E0881041CA87}.Release|Any CPU.Build.0 = Release|Any CPU
	EndGlobalSection
	GlobalSection(SolutionProperties) = preSolution
		HideSolutionNode = FALSE
	EndGlobalSection
	GlobalSection(ExtensibilityGlobals) = postSolution
		SolutionGuid = {089647EE-F3EF-45AC-9FEF-261356A04D98}
	EndGlobalSection
EndGlobal
